
Microsoft Visual Studio Solution File, Format Version 12.00
# Visual Studio Version 16
VisualStudioVersion = 16.0.32510.428
MinimumVisualStudioVersion = 10.0.40219.1
Project("{FAE04EC0-301F-11D3-BF4B-00C04F79EFBC}") = "TP_INICIAL_EJER1", "TP_INICIAL_EJER1\TP_INICIAL_EJER1.csproj", "{D8FB26AA-7E6E-43DC-A002-2FC8B6D02B06}"
EndProject
Global
	GlobalSection(SolutionConfigurationPlatforms) = preSolution
		Debug|Any CPU = Debug|Any CPU
		Release|Any CPU = Release|Any CPU
	EndGlobalSection
	GlobalSection(ProjectConfigurationPlatforms) = postSolution
		{D8FB26AA-7E6E-43DC-A002-2FC8B6D02B06}.Debug|Any CPU.ActiveCfg = Debug|Any CPU
		{D8FB26AA-7E6E-43DC-A002-2FC8B6D02B06}.Debug|Any CPU.Build.0 = Debug|Any CPU
		{D8FB26AA-7E6E-43DC-A002-2FC8B6D02B06}.Release|Any CPU.ActiveCfg = Release|Any CPU
		{D8FB26AA-7E6E-43DC-A002-2FC8B6D02B06}.Release|Any CPU.Build.0 = Release|Any CPU
	EndGlobalSection
	GlobalSection(SolutionProperties) = preSolution
		HideSolutionNode = FALSE
	EndGlobalSection
	GlobalSection(ExtensibilityGlobals) = postSolution
		SolutionGuid = {E789677D-3ED1-46AC-9C13-FC82127C80F3}
	EndGlobalSection
EndGlobal
