
Microsoft Visual Studio Solution File, Format Version 12.00
# Visual Studio Version 17
VisualStudioVersion = 17.5.33502.453
MinimumVisualStudioVersion = 10.0.40219.1
Project("{FAE04EC0-301F-11D3-BF4B-00C04F79EFBC}") = "SegundoParcialRiosJuanIgnacio", "SegundoParcialRiosJuanIgnacio\SegundoParcialRiosJuanIgnacio.csproj", "{855965C4-E1E1-4300-B5CF-D52E92486A7E}"
EndProject
Global
	GlobalSection(SolutionConfigurationPlatforms) = preSolution
		Debug|Any CPU = Debug|Any CPU
		Release|Any CPU = Release|Any CPU
	EndGlobalSection
	GlobalSection(ProjectConfigurationPlatforms) = postSolution
		{855965C4-E1E1-4300-B5CF-D52E92486A7E}.Debug|Any CPU.ActiveCfg = Debug|Any CPU
		{855965C4-E1E1-4300-B5CF-D52E92486A7E}.Debug|Any CPU.Build.0 = Debug|Any CPU
		{855965C4-E1E1-4300-B5CF-D52E92486A7E}.Release|Any CPU.ActiveCfg = Release|Any CPU
		{855965C4-E1E1-4300-B5CF-D52E92486A7E}.Release|Any CPU.Build.0 = Release|Any CPU
	EndGlobalSection
	GlobalSection(SolutionProperties) = preSolution
		HideSolutionNode = FALSE
	EndGlobalSection
	GlobalSection(ExtensibilityGlobals) = postSolution
		SolutionGuid = {2023935B-E520-4CFD-AA30-882ED7CB5B16}
	EndGlobalSection
EndGlobal
