
Microsoft Visual Studio Solution File, Format Version 12.00
# Visual Studio Version 17
VisualStudioVersion = 17.4.33213.308
MinimumVisualStudioVersion = 10.0.40219.1
Project("{FAE04EC0-301F-11D3-BF4B-00C04F79EFBC}") = "091_POO_Z8_1erParcial_Rios_JuanIgnacio", "091_POO_Z8_1erParcial_Rios_JuanIgnacio\091_POO_Z8_1erParcial_Rios_JuanIgnacio.csproj", "{ECA78B66-21F9-4F90-8576-BFFAC31BB3E3}"
EndProject
Global
	GlobalSection(SolutionConfigurationPlatforms) = preSolution
		Debug|Any CPU = Debug|Any CPU
		Release|Any CPU = Release|Any CPU
	EndGlobalSection
	GlobalSection(ProjectConfigurationPlatforms) = postSolution
		{ECA78B66-21F9-4F90-8576-BFFAC31BB3E3}.Debug|Any CPU.ActiveCfg = Debug|Any CPU
		{ECA78B66-21F9-4F90-8576-BFFAC31BB3E3}.Debug|Any CPU.Build.0 = Debug|Any CPU
		{ECA78B66-21F9-4F90-8576-BFFAC31BB3E3}.Release|Any CPU.ActiveCfg = Release|Any CPU
		{ECA78B66-21F9-4F90-8576-BFFAC31BB3E3}.Release|Any CPU.Build.0 = Release|Any CPU
	EndGlobalSection
	GlobalSection(SolutionProperties) = preSolution
		HideSolutionNode = FALSE
	EndGlobalSection
	GlobalSection(ExtensibilityGlobals) = postSolution
		SolutionGuid = {C9403737-517E-44CB-89BB-70F484B1FA4E}
	EndGlobalSection
EndGlobal
